
Microsoft Visual Studio Solution File, Format Version 12.00
# Visual Studio Version 17
VisualStudioVersion = 17.13.35931.197 d17.13
MinimumVisualStudioVersion = 10.0.40219.1
Project("{FAE04EC0-301F-11D3-BF4B-00C04F79EFBC}") = "p-proyect", "p-proyect.csproj", "{DD792A23-6653-4539-BBB1-9D5A7E9DD3E8}"
EndProject
Global
	GlobalSection(SolutionConfigurationPlatforms) = preSolution
		Debug|Any CPU = Debug|Any CPU
		Release|Any CPU = Release|Any CPU
	EndGlobalSection
	GlobalSection(ProjectConfigurationPlatforms) = postSolution
		{DD792A23-6653-4539-BBB1-9D5A7E9DD3E8}.Debug|Any CPU.ActiveCfg = Debug|Any CPU
		{DD792A23-6653-4539-BBB1-9D5A7E9DD3E8}.Debug|Any CPU.Build.0 = Debug|Any CPU
		{DD792A23-6653-4539-BBB1-9D5A7E9DD3E8}.Release|Any CPU.ActiveCfg = Release|Any CPU
		{DD792A23-6653-4539-BBB1-9D5A7E9DD3E8}.Release|Any CPU.Build.0 = Release|Any CPU
	EndGlobalSection
	GlobalSection(SolutionProperties) = preSolution
		HideSolutionNode = FALSE
	EndGlobalSection
	GlobalSection(ExtensibilityGlobals) = postSolution
		SolutionGuid = {76AEA833-598E-4F1E-96C3-353721877D70}
	EndGlobalSection
EndGlobal
